
Microsoft Visual Studio Solution File, Format Version 12.00
# Visual Studio Version 17
VisualStudioVersion = 17.7.34031.279
MinimumVisualStudioVersion = 10.0.40219.1
Project("{FAE04EC0-301F-11D3-BF4B-00C04F79EFBC}") = "Tarea2.2", "Tarea2.2.csproj", "{AABFBF43-3BB4-44B8-BF83-CFCE9919F304}"
EndProject
Global
	GlobalSection(SolutionConfigurationPlatforms) = preSolution
		Debug|Any CPU = Debug|Any CPU
		Release|Any CPU = Release|Any CPU
	EndGlobalSection
	GlobalSection(ProjectConfigurationPlatforms) = postSolution
		{AABFBF43-3BB4-44B8-BF83-CFCE9919F304}.Debug|Any CPU.ActiveCfg = Debug|Any CPU
		{AABFBF43-3BB4-44B8-BF83-CFCE9919F304}.Debug|Any CPU.Build.0 = Debug|Any CPU
		{AABFBF43-3BB4-44B8-BF83-CFCE9919F304}.Debug|Any CPU.Deploy.0 = Debug|Any CPU
		{AABFBF43-3BB4-44B8-BF83-CFCE9919F304}.Release|Any CPU.ActiveCfg = Release|Any CPU
		{AABFBF43-3BB4-44B8-BF83-CFCE9919F304}.Release|Any CPU.Build.0 = Release|Any CPU
		{AABFBF43-3BB4-44B8-BF83-CFCE9919F304}.Release|Any CPU.Deploy.0 = Release|Any CPU
	EndGlobalSection
	GlobalSection(SolutionProperties) = preSolution
		HideSolutionNode = FALSE
	EndGlobalSection
	GlobalSection(ExtensibilityGlobals) = postSolution
		SolutionGuid = {59F200EA-591E-40D8-8C60-279DB1F778E4}
	EndGlobalSection
EndGlobal
